
Microsoft Visual Studio Solution File, Format Version 12.00
# Visual Studio 15
VisualStudioVersion = 15.0.26124.0
MinimumVisualStudioVersion = 15.0.26124.0
Project("{FAE04EC0-301F-11D3-BF4B-00C04F79EFBC}") = "ProAgil.webapi", "ProAgil.WebApi\ProAgil.webapi.csproj", "{9A5A7397-48CB-4F92-B78C-9D29F9DA1275}"
EndProject
Project("{FAE04EC0-301F-11D3-BF4B-00C04F79EFBC}") = "ProAgil.Repository", "ProAgil.Repository\ProAgil.Repository.csproj", "{FE7BC701-CAAA-455E-88C3-B1D06C0F1EBF}"
EndProject
Project("{FAE04EC0-301F-11D3-BF4B-00C04F79EFBC}") = "ProAgil.Domain", "ProAgil.Domain\ProAgil.Domain.csproj", "{35E2D47F-3B04-42D6-B4F6-314C9EB6DF88}"
EndProject
Global
	GlobalSection(SolutionConfigurationPlatforms) = preSolution
		Debug|Any CPU = Debug|Any CPU
		Debug|x64 = Debug|x64
		Debug|x86 = Debug|x86
		Release|Any CPU = Release|Any CPU
		Release|x64 = Release|x64
		Release|x86 = Release|x86
	EndGlobalSection
	GlobalSection(SolutionProperties) = preSolution
		HideSolutionNode = FALSE
	EndGlobalSection
	GlobalSection(ProjectConfigurationPlatforms) = postSolution
		{9A5A7397-48CB-4F92-B78C-9D29F9DA1275}.Debug|Any CPU.ActiveCfg = Debug|Any CPU
		{9A5A7397-48CB-4F92-B78C-9D29F9DA1275}.Debug|Any CPU.Build.0 = Debug|Any CPU
		{9A5A7397-48CB-4F92-B78C-9D29F9DA1275}.Debug|x64.ActiveCfg = Debug|Any CPU
		{9A5A7397-48CB-4F92-B78C-9D29F9DA1275}.Debug|x64.Build.0 = Debug|Any CPU
		{9A5A7397-48CB-4F92-B78C-9D29F9DA1275}.Debug|x86.ActiveCfg = Debug|Any CPU
		{9A5A7397-48CB-4F92-B78C-9D29F9DA1275}.Debug|x86.Build.0 = Debug|Any CPU
		{9A5A7397-48CB-4F92-B78C-9D29F9DA1275}.Release|Any CPU.ActiveCfg = Release|Any CPU
		{9A5A7397-48CB-4F92-B78C-9D29F9DA1275}.Release|Any CPU.Build.0 = Release|Any CPU
		{9A5A7397-48CB-4F92-B78C-9D29F9DA1275}.Release|x64.ActiveCfg = Release|Any CPU
		{9A5A7397-48CB-4F92-B78C-9D29F9DA1275}.Release|x64.Build.0 = Release|Any CPU
		{9A5A7397-48CB-4F92-B78C-9D29F9DA1275}.Release|x86.ActiveCfg = Release|Any CPU
		{9A5A7397-48CB-4F92-B78C-9D29F9DA1275}.Release|x86.Build.0 = Release|Any CPU
		{FE7BC701-CAAA-455E-88C3-B1D06C0F1EBF}.Debug|Any CPU.ActiveCfg = Debug|Any CPU
		{FE7BC701-CAAA-455E-88C3-B1D06C0F1EBF}.Debug|Any CPU.Build.0 = Debug|Any CPU
		{FE7BC701-CAAA-455E-88C3-B1D06C0F1EBF}.Debug|x64.ActiveCfg = Debug|Any CPU
		{FE7BC701-CAAA-455E-88C3-B1D06C0F1EBF}.Debug|x64.Build.0 = Debug|Any CPU
		{FE7BC701-CAAA-455E-88C3-B1D06C0F1EBF}.Debug|x86.ActiveCfg = Debug|Any CPU
		{FE7BC701-CAAA-455E-88C3-B1D06C0F1EBF}.Debug|x86.Build.0 = Debug|Any CPU
		{FE7BC701-CAAA-455E-88C3-B1D06C0F1EBF}.Release|Any CPU.ActiveCfg = Release|Any CPU
		{FE7BC701-CAAA-455E-88C3-B1D06C0F1EBF}.Release|Any CPU.Build.0 = Release|Any CPU
		{FE7BC701-CAAA-455E-88C3-B1D06C0F1EBF}.Release|x64.ActiveCfg = Release|Any CPU
		{FE7BC701-CAAA-455E-88C3-B1D06C0F1EBF}.Release|x64.Build.0 = Release|Any CPU
		{FE7BC701-CAAA-455E-88C3-B1D06C0F1EBF}.Release|x86.ActiveCfg = Release|Any CPU
		{FE7BC701-CAAA-455E-88C3-B1D06C0F1EBF}.Release|x86.Build.0 = Release|Any CPU
		{35E2D47F-3B04-42D6-B4F6-314C9EB6DF88}.Debug|Any CPU.ActiveCfg = Debug|Any CPU
		{35E2D47F-3B04-42D6-B4F6-314C9EB6DF88}.Debug|Any CPU.Build.0 = Debug|Any CPU
		{35E2D47F-3B04-42D6-B4F6-314C9EB6DF88}.Debug|x64.ActiveCfg = Debug|Any CPU
		{35E2D47F-3B04-42D6-B4F6-314C9EB6DF88}.Debug|x64.Build.0 = Debug|Any CPU
		{35E2D47F-3B04-42D6-B4F6-314C9EB6DF88}.Debug|x86.ActiveCfg = Debug|Any CPU
		{35E2D47F-3B04-42D6-B4F6-314C9EB6DF88}.Debug|x86.Build.0 = Debug|Any CPU
		{35E2D47F-3B04-42D6-B4F6-314C9EB6DF88}.Release|Any CPU.ActiveCfg = Release|Any CPU
		{35E2D47F-3B04-42D6-B4F6-314C9EB6DF88}.Release|Any CPU.Build.0 = Release|Any CPU
		{35E2D47F-3B04-42D6-B4F6-314C9EB6DF88}.Release|x64.ActiveCfg = Release|Any CPU
		{35E2D47F-3B04-42D6-B4F6-314C9EB6DF88}.Release|x64.Build.0 = Release|Any CPU
		{35E2D47F-3B04-42D6-B4F6-314C9EB6DF88}.Release|x86.ActiveCfg = Release|Any CPU
		{35E2D47F-3B04-42D6-B4F6-314C9EB6DF88}.Release|x86.Build.0 = Release|Any CPU
	EndGlobalSection
EndGlobal
